
Microsoft Visual Studio Solution File, Format Version 12.00
# Visual Studio Version 16
VisualStudioVersion = 16.0.32002.261
MinimumVisualStudioVersion = 10.0.40219.1
Project("{9A19103F-16F7-4668-BE54-9A1E7A4F7556}") = "GIG.BL", "GIG.BL\GIG.BL.csproj", "{217C78D2-27D5-41B3-97C0-DF827E3DE9F2}"
EndProject
Project("{9A19103F-16F7-4668-BE54-9A1E7A4F7556}") = "GIG.DAL", "GIG.DBA\GIG.DAL.csproj", "{94BAFD70-1C70-4020-926B-449055729C6F}"
EndProject
Project("{9A19103F-16F7-4668-BE54-9A1E7A4F7556}") = "GIG.Entity", "GIG.Entity\GIG.Entity.csproj", "{EFDD4D85-0F72-44E9-A8AD-90643DF8B21D}"
EndProject
Project("{9A19103F-16F7-4668-BE54-9A1E7A4F7556}") = "GIG.Exceptions", "GIG.Exception\GIG.Exceptions.csproj", "{5AA3C6B4-4B63-472F-9137-00451C3C3740}"
EndProject
Project("{9A19103F-16F7-4668-BE54-9A1E7A4F7556}") = "GIG.UI", "GIG.UI\GIG.UI.csproj", "{E255262B-369C-4017-B05B-EE3897008618}"
EndProject
Global
	GlobalSection(SolutionConfigurationPlatforms) = preSolution
		Debug|Any CPU = Debug|Any CPU
		Release|Any CPU = Release|Any CPU
	EndGlobalSection
	GlobalSection(ProjectConfigurationPlatforms) = postSolution
		{217C78D2-27D5-41B3-97C0-DF827E3DE9F2}.Debug|Any CPU.ActiveCfg = Debug|Any CPU
		{217C78D2-27D5-41B3-97C0-DF827E3DE9F2}.Debug|Any CPU.Build.0 = Debug|Any CPU
		{217C78D2-27D5-41B3-97C0-DF827E3DE9F2}.Release|Any CPU.ActiveCfg = Release|Any CPU
		{217C78D2-27D5-41B3-97C0-DF827E3DE9F2}.Release|Any CPU.Build.0 = Release|Any CPU
		{94BAFD70-1C70-4020-926B-449055729C6F}.Debug|Any CPU.ActiveCfg = Debug|Any CPU
		{94BAFD70-1C70-4020-926B-449055729C6F}.Debug|Any CPU.Build.0 = Debug|Any CPU
		{94BAFD70-1C70-4020-926B-449055729C6F}.Release|Any CPU.ActiveCfg = Release|Any CPU
		{94BAFD70-1C70-4020-926B-449055729C6F}.Release|Any CPU.Build.0 = Release|Any CPU
		{EFDD4D85-0F72-44E9-A8AD-90643DF8B21D}.Debug|Any CPU.ActiveCfg = Debug|Any CPU
		{EFDD4D85-0F72-44E9-A8AD-90643DF8B21D}.Debug|Any CPU.Build.0 = Debug|Any CPU
		{EFDD4D85-0F72-44E9-A8AD-90643DF8B21D}.Release|Any CPU.ActiveCfg = Release|Any CPU
		{EFDD4D85-0F72-44E9-A8AD-90643DF8B21D}.Release|Any CPU.Build.0 = Release|Any CPU
		{5AA3C6B4-4B63-472F-9137-00451C3C3740}.Debug|Any CPU.ActiveCfg = Debug|Any CPU
		{5AA3C6B4-4B63-472F-9137-00451C3C3740}.Debug|Any CPU.Build.0 = Debug|Any CPU
		{5AA3C6B4-4B63-472F-9137-00451C3C3740}.Release|Any CPU.ActiveCfg = Release|Any CPU
		{5AA3C6B4-4B63-472F-9137-00451C3C3740}.Release|Any CPU.Build.0 = Release|Any CPU
		{E255262B-369C-4017-B05B-EE3897008618}.Debug|Any CPU.ActiveCfg = Debug|Any CPU
		{E255262B-369C-4017-B05B-EE3897008618}.Debug|Any CPU.Build.0 = Debug|Any CPU
		{E255262B-369C-4017-B05B-EE3897008618}.Release|Any CPU.ActiveCfg = Release|Any CPU
		{E255262B-369C-4017-B05B-EE3897008618}.Release|Any CPU.Build.0 = Release|Any CPU
	EndGlobalSection
	GlobalSection(SolutionProperties) = preSolution
		HideSolutionNode = FALSE
	EndGlobalSection
	GlobalSection(ExtensibilityGlobals) = postSolution
		SolutionGuid = {E23676ED-6BE5-43B6-9F5C-5F02276D16AC}
	EndGlobalSection
EndGlobal
